
Microsoft Visual Studio Solution File, Format Version 11.00
# Visual Studio 2010
Project("{FAE04EC0-301F-11D3-BF4B-00C04F79EFBC}") = "Formula", "Formula\Formula.csproj", "{256DBD9A-3E61-4CFC-9CDC-D7A7441566B8}"
EndProject
Project("{FAE04EC0-301F-11D3-BF4B-00C04F79EFBC}") = "PS3_Tester", "PS3_Tester\PS3_Tester.csproj", "{C8FC7C75-0539-4A39-BD77-1C0FF6549CDC}"
EndProject
Project("{2150E333-8FDC-42A3-9474-1A3956D46DE8}") = "Solution Items", "Solution Items", "{EC2DB60A-2BF5-4FE5-9237-34F53ABC9708}"
	ProjectSection(SolutionItems) = preProject
		Local.testsettings = Local.testsettings
		PS3.vsmdi = PS3.vsmdi
		TraceAndTestImpact.testsettings = TraceAndTestImpact.testsettings
	EndProjectSection
EndProject
Global
	GlobalSection(SubversionScc) = preSolution
		Svn-Managed = True
		Manager = AnkhSVN - Subversion Support for Visual Studio
	EndGlobalSection
	GlobalSection(TestCaseManagementSettings) = postSolution
		CategoryFile = PS3.vsmdi
	EndGlobalSection
	GlobalSection(SolutionConfigurationPlatforms) = preSolution
		Debug|Any CPU = Debug|Any CPU
		Release|Any CPU = Release|Any CPU
	EndGlobalSection
	GlobalSection(ProjectConfigurationPlatforms) = postSolution
		{256DBD9A-3E61-4CFC-9CDC-D7A7441566B8}.Debug|Any CPU.ActiveCfg = Debug|Any CPU
		{256DBD9A-3E61-4CFC-9CDC-D7A7441566B8}.Debug|Any CPU.Build.0 = Debug|Any CPU
		{256DBD9A-3E61-4CFC-9CDC-D7A7441566B8}.Release|Any CPU.ActiveCfg = Release|Any CPU
		{256DBD9A-3E61-4CFC-9CDC-D7A7441566B8}.Release|Any CPU.Build.0 = Release|Any CPU
		{C8FC7C75-0539-4A39-BD77-1C0FF6549CDC}.Debug|Any CPU.ActiveCfg = Debug|Any CPU
		{C8FC7C75-0539-4A39-BD77-1C0FF6549CDC}.Debug|Any CPU.Build.0 = Debug|Any CPU
		{C8FC7C75-0539-4A39-BD77-1C0FF6549CDC}.Release|Any CPU.ActiveCfg = Release|Any CPU
		{C8FC7C75-0539-4A39-BD77-1C0FF6549CDC}.Release|Any CPU.Build.0 = Release|Any CPU
	EndGlobalSection
	GlobalSection(SolutionProperties) = preSolution
		HideSolutionNode = FALSE
	EndGlobalSection
EndGlobal
