
Microsoft Visual Studio Solution File, Format Version 11.00
# Visual Studio 2010
Project("{FAE04EC0-301F-11D3-BF4B-00C04F79EFBC}") = "FormulaEvaluator", "FormulaEvaluator\FormulaEvaluator.csproj", "{F72092CF-44B4-489D-A58B-CA16262BE018}"
EndProject
Project("{FAE04EC0-301F-11D3-BF4B-00C04F79EFBC}") = "TestProject1", "TestProject1\TestProject1.csproj", "{246C7D55-A16E-4441-A7C8-FC1EE07B3F5D}"
EndProject
Project("{2150E333-8FDC-42A3-9474-1A3956D46DE8}") = "Solution Items", "Solution Items", "{12119E1E-C86F-442C-8B71-8C9E26E54CF1}"
	ProjectSection(SolutionItems) = preProject
		Local.testsettings = Local.testsettings
		PS11.vsmdi = PS11.vsmdi
		TraceAndTestImpact.testsettings = TraceAndTestImpact.testsettings
	EndProjectSection
EndProject
Project("{FAE04EC0-301F-11D3-BF4B-00C04F79EFBC}") = "ConsoleTest", "ConsoleTest\ConsoleTest.csproj", "{78DFD2B5-2E61-4FBC-9C5C-217BD66A865D}"
EndProject
Global
	GlobalSection(SubversionScc) = preSolution
		Svn-Managed = True
		Manager = AnkhSVN - Subversion Support for Visual Studio
	EndGlobalSection
	GlobalSection(TestCaseManagementSettings) = postSolution
		CategoryFile = PS11.vsmdi
	EndGlobalSection
	GlobalSection(SolutionConfigurationPlatforms) = preSolution
		Debug|Any CPU = Debug|Any CPU
		Debug|Mixed Platforms = Debug|Mixed Platforms
		Debug|x86 = Debug|x86
		Release|Any CPU = Release|Any CPU
		Release|Mixed Platforms = Release|Mixed Platforms
		Release|x86 = Release|x86
	EndGlobalSection
	GlobalSection(ProjectConfigurationPlatforms) = postSolution
		{F72092CF-44B4-489D-A58B-CA16262BE018}.Debug|Any CPU.ActiveCfg = Debug|Any CPU
		{F72092CF-44B4-489D-A58B-CA16262BE018}.Debug|Any CPU.Build.0 = Debug|Any CPU
		{F72092CF-44B4-489D-A58B-CA16262BE018}.Debug|Mixed Platforms.ActiveCfg = Debug|Any CPU
		{F72092CF-44B4-489D-A58B-CA16262BE018}.Debug|Mixed Platforms.Build.0 = Debug|Any CPU
		{F72092CF-44B4-489D-A58B-CA16262BE018}.Debug|x86.ActiveCfg = Debug|Any CPU
		{F72092CF-44B4-489D-A58B-CA16262BE018}.Release|Any CPU.ActiveCfg = Release|Any CPU
		{F72092CF-44B4-489D-A58B-CA16262BE018}.Release|Any CPU.Build.0 = Release|Any CPU
		{F72092CF-44B4-489D-A58B-CA16262BE018}.Release|Mixed Platforms.ActiveCfg = Release|Any CPU
		{F72092CF-44B4-489D-A58B-CA16262BE018}.Release|Mixed Platforms.Build.0 = Release|Any CPU
		{F72092CF-44B4-489D-A58B-CA16262BE018}.Release|x86.ActiveCfg = Release|Any CPU
		{246C7D55-A16E-4441-A7C8-FC1EE07B3F5D}.Debug|Any CPU.ActiveCfg = Debug|Any CPU
		{246C7D55-A16E-4441-A7C8-FC1EE07B3F5D}.Debug|Any CPU.Build.0 = Debug|Any CPU
		{246C7D55-A16E-4441-A7C8-FC1EE07B3F5D}.Debug|Mixed Platforms.ActiveCfg = Debug|Any CPU
		{246C7D55-A16E-4441-A7C8-FC1EE07B3F5D}.Debug|Mixed Platforms.Build.0 = Debug|Any CPU
		{246C7D55-A16E-4441-A7C8-FC1EE07B3F5D}.Debug|x86.ActiveCfg = Debug|Any CPU
		{246C7D55-A16E-4441-A7C8-FC1EE07B3F5D}.Release|Any CPU.ActiveCfg = Release|Any CPU
		{246C7D55-A16E-4441-A7C8-FC1EE07B3F5D}.Release|Any CPU.Build.0 = Release|Any CPU
		{246C7D55-A16E-4441-A7C8-FC1EE07B3F5D}.Release|Mixed Platforms.ActiveCfg = Release|Any CPU
		{246C7D55-A16E-4441-A7C8-FC1EE07B3F5D}.Release|Mixed Platforms.Build.0 = Release|Any CPU
		{246C7D55-A16E-4441-A7C8-FC1EE07B3F5D}.Release|x86.ActiveCfg = Release|Any CPU
		{78DFD2B5-2E61-4FBC-9C5C-217BD66A865D}.Debug|Any CPU.ActiveCfg = Debug|x86
		{78DFD2B5-2E61-4FBC-9C5C-217BD66A865D}.Debug|Mixed Platforms.ActiveCfg = Debug|x86
		{78DFD2B5-2E61-4FBC-9C5C-217BD66A865D}.Debug|Mixed Platforms.Build.0 = Debug|x86
		{78DFD2B5-2E61-4FBC-9C5C-217BD66A865D}.Debug|x86.ActiveCfg = Debug|x86
		{78DFD2B5-2E61-4FBC-9C5C-217BD66A865D}.Debug|x86.Build.0 = Debug|x86
		{78DFD2B5-2E61-4FBC-9C5C-217BD66A865D}.Release|Any CPU.ActiveCfg = Release|x86
		{78DFD2B5-2E61-4FBC-9C5C-217BD66A865D}.Release|Mixed Platforms.ActiveCfg = Release|x86
		{78DFD2B5-2E61-4FBC-9C5C-217BD66A865D}.Release|Mixed Platforms.Build.0 = Release|x86
		{78DFD2B5-2E61-4FBC-9C5C-217BD66A865D}.Release|x86.ActiveCfg = Release|x86
		{78DFD2B5-2E61-4FBC-9C5C-217BD66A865D}.Release|x86.Build.0 = Release|x86
	EndGlobalSection
	GlobalSection(SolutionProperties) = preSolution
		HideSolutionNode = FALSE
	EndGlobalSection
EndGlobal
